{
  "name": "agent-workstation",
  "version": "1.0.0",
  "lockfileVersion": 3,
  "requires": true,
  "packages": {
    "": {
      "name": "agent-workstation",
      "version": "1.0.0",
      "dependencies": {
        "9router": "latest"
      }
    },
    "node_modules/9router": {
      "version": "0.4.33",
      "resolved": "https://registry.npmjs.org/9router/-/9router-0.4.33.tgz",
      "integrity": "sha512-GVpFepsLrisZbDrAEiamz/DnH419HqihKwzYp6FkPYK1U8Ow9gfmhvB9tpuYnkhVLWtpXtFXjqgSvvbp/9v94g==",
      "hasInstallScript": true,
      "license": "MIT",
      "dependencies": {
        "node-forge": "^1.3.3",
        "node-machine-id": "^1.1.12",
        "react": "19.2.1",
        "react-dom": "19.2.1"
      },
      "bin": {
        "9router": "cli.js"
      },
      "engines": {
        "node": ">=18.0.0"
      }
    },
    "node_modules/node-forge": {
      "version": "1.4.0",
      "resolved": "https://registry.npmjs.org/node-forge/-/node-forge-1.4.0.tgz",
      "integrity": "sha512-LarFH0+6VfriEhqMMcLX2F7SwSXeWwnEAJEsYm5QKWchiVYVvJyV9v7UDvUv+w5HO23ZpQTXDv/GxdDdMyOuoQ==",
      "license": "(BSD-3-Clause OR GPL-2.0)",
      "engines": {
        "node": ">= 6.13.0"
      }
    },
    "node_modules/node-machine-id": {
      "version": "1.1.12",
      "resolved": "https://registry.npmjs.org/node-machine-id/-/node-machine-id-1.1.12.tgz",
      "integrity": "sha512-QNABxbrPa3qEIfrE6GOJ7BYIuignnJw7iQ2YPbc3Nla1HzRJjXzZOiikfF8m7eAMfichLt3M4VgLOetqgDmgGQ==",
      "license": "MIT"
    },
    "node_modules/react": {
      "version": "19.2.1",
      "resolved": "https://registry.npmjs.org/react/-/react-19.2.1.tgz",
      "integrity": "sha512-DGrYcCWK7tvYMnWh79yrPHt+vdx9tY+1gPZa7nJQtO/p8bLTDaHp4dzwEhQB7pZ4Xe3ok4XKuEPrVuc+wlpkmw==",
      "license": "MIT",
      "engines": {
        "node": ">=0.10.0"
      }
    },
    "node_modules/react-dom": {
      "version": "19.2.1",
      "resolved": "https://registry.npmjs.org/react-dom/-/react-dom-19.2.1.tgz",
      "integrity": "sha512-ibrK8llX2a4eOskq1mXKu/TGZj9qzomO+sNfO98M6d9zIPOEhlBkMkBUBLd1vgS0gQsLDBzA+8jJBVXDnfHmJg==",
      "license": "MIT",
      "dependencies": {
        "scheduler": "^0.27.0"
      },
      "peerDependencies": {
        "react": "^19.2.1"
      }
    },
    "node_modules/scheduler": {
      "version": "0.27.0",
      "resolved": "https://registry.npmjs.org/scheduler/-/scheduler-0.27.0.tgz",
      "integrity": "sha512-eNv+WrVbKu1f3vbYJT/xtiF5syA5HPIMtf9IgY/nKg0sWqzAUEvqY/xm7OcZc/qafLx/iO9FgOmeSAp4v5ti/Q==",
      "license": "MIT"
    }
  }
}
